{
  "version": "2",
  "remote": {
    "https://deno.land/std@0.152.0/async/abortable.ts": "87aa7230be8360c24ad437212311c9e8d4328854baec27b4c7abb26e85515c06",
    "https://deno.land/std@0.152.0/async/deadline.ts": "48ac998d7564969f3e6ec6b6f9bf0217ebd00239b1b2292feba61272d5dd58d0",
    "https://deno.land/std@0.152.0/async/debounce.ts": "564273ef242bcfcda19a439132f940db8694173abffc159ea34f07d18fc42620",
    "https://deno.land/std@0.152.0/async/deferred.ts": "bc18e28108252c9f67dfca2bbc4587c3cbf3aeb6e155f8c864ca8ecff992b98a",
    "https://deno.land/std@0.152.0/async/delay.ts": "cbbdf1c87d1aed8edc7bae13592fb3e27e3106e0748f089c263390d4f49e5f6c",
    "https://deno.land/std@0.152.0/async/mod.ts": "dd0a8ed4f3984ffabe2fcca7c9f466b7932d57b1864ffee148a5d5388316db6b",
    "https://deno.land/std@0.152.0/async/mux_async_iterator.ts": "5b4aca6781ad0f2e19ccdf1d1a1c092ccd3e00d52050d9c27c772658c8367256",
    "https://deno.land/std@0.152.0/async/pool.ts": "ef9eb97b388543acbf0ac32647121e4dbe629236899586c4d4311a8770fbb239",
    "https://deno.land/std@0.152.0/async/tee.ts": "bcfae0017ebb718cf4eef9e2420e8675d91cb1bcc0ed9b668681af6e6caad846",
    "https://deno.land/std@0.152.0/http/server.ts": "0b0a9f3abfcfecead944b31ee9098a0c11a59b0495bf873ee200eb80e7441483",
    "https://deno.land/std@0.161.0/_util/assert.ts": "e94f2eb37cebd7f199952e242c77654e43333c1ac4c5c700e929ea3aa5489f74",
    "https://deno.land/std@0.161.0/_util/os.ts": "8a33345f74990e627b9dfe2de9b040004b08ea5146c7c9e8fe9a29070d193934",
    "https://deno.land/std@0.161.0/async/abortable.ts": "87aa7230be8360c24ad437212311c9e8d4328854baec27b4c7abb26e85515c06",
    "https://deno.land/std@0.161.0/async/deadline.ts": "48ac998d7564969f3e6ec6b6f9bf0217ebd00239b1b2292feba61272d5dd58d0",
    "https://deno.land/std@0.161.0/async/debounce.ts": "dc8b92d4a4fe7eac32c924f2b8d3e62112530db70cadce27042689d82970b350",
    "https://deno.land/std@0.161.0/async/deferred.ts": "d8fb253ffde2a056e4889ef7e90f3928f28be9f9294b6505773d33f136aab4e6",
    "https://deno.land/std@0.161.0/async/delay.ts": "0419dfc993752849692d1f9647edf13407c7facc3509b099381be99ffbc9d699",
    "https://deno.land/std@0.161.0/async/mod.ts": "dd0a8ed4f3984ffabe2fcca7c9f466b7932d57b1864ffee148a5d5388316db6b",
    "https://deno.land/std@0.161.0/async/mux_async_iterator.ts": "3447b28a2a582224a3d4d3596bccbba6e85040da3b97ed64012f7decce98d093",
    "https://deno.land/std@0.161.0/async/pool.ts": "ef9eb97b388543acbf0ac32647121e4dbe629236899586c4d4311a8770fbb239",
    "https://deno.land/std@0.161.0/async/tee.ts": "9af3a3e7612af75861308b52249e167f5ebc3dcfc8a1a4d45462d96606ee2b70",
    "https://deno.land/std@0.161.0/fs/_util.ts": "fdc156f897197f261a1c096dcf8ff9267ed0ff42bd5b31f55053a4763a4bae3b",
    "https://deno.land/std@0.161.0/fs/copy.ts": "73bdf24f4322648d9bc38ef983b818637ba368351d17aa03644209d3ce3eac31",
    "https://deno.land/std@0.161.0/fs/empty_dir.ts": "c15a0aaaf40f8c21cca902aa1e01a789ad0c2fd1b7e2eecf4957053c5dbf707f",
    "https://deno.land/std@0.161.0/fs/ensure_dir.ts": "76395fc1c989ca8d2de3aedfa8240eb8f5225cde20f926de957995b063135b80",
    "https://deno.land/std@0.161.0/fs/ensure_file.ts": "b8e32ea63aa21221d0219760ba3f741f682d7f7d68d0d24a3ec067c338568152",
    "https://deno.land/std@0.161.0/fs/ensure_link.ts": "5cc1c04f18487d7d1edf4c5469705f30b61390ffd24ad7db6df85e7209b32bb2",
    "https://deno.land/std@0.161.0/fs/ensure_symlink.ts": "5273557b8c50be69477aa9cb003b54ff2240a336db52a40851c97abce76b96ab",
    "https://deno.land/std@0.161.0/fs/eol.ts": "65b1e27320c3eec6fb653b27e20056ee3d015d3e91db388cfefa41616ebc7cb3",
    "https://deno.land/std@0.161.0/fs/exists.ts": "6a447912e49eb79cc640adacfbf4b0baf8e17ede6d5bed057062ce33c4fa0d68",
    "https://deno.land/std@0.161.0/fs/expand_glob.ts": "d3f62aefc7718d878904d60d91e8e6dbbf86c696d32b6cbbc333637acf7f8571",
    "https://deno.land/std@0.161.0/fs/mod.ts": "354a6f972ef4e00c4dd1f1339a8828ef0764c1c23d3c0010af3fcc025d8655b0",
    "https://deno.land/std@0.161.0/fs/move.ts": "6d7fa9da60dbc7a32dd7fdbc2ff812b745861213c8e92ba96dace0669b0c378c",
    "https://deno.land/std@0.161.0/fs/walk.ts": "d96d4e5b6a3552e8304f28a0fd0b317b812298298449044f8de4932c869388a5",
    "https://deno.land/std@0.161.0/http/server.ts": "e99c1bee8a3f6571ee4cdeb2966efad465b8f6fe62bec1bdb59c1f007cc4d155",
    "https://deno.land/std@0.161.0/media_types/_util.ts": "ce9b4fc4ba1c447dafab619055e20fd88236ca6bdd7834a21f98bd193c3fbfa1",
    "https://deno.land/std@0.161.0/media_types/mod.ts": "74885352135624774b8cd164f3a9d866aac1e0dc3ccb5412e2a2d56ed4b1fc99",
    "https://deno.land/std@0.161.0/media_types/vendor/mime-db.v1.52.0.ts": "724cee25fa40f1a52d3937d6b4fbbfdd7791ff55e1b7ac08d9319d5632c7f5af",
    "https://deno.land/std@0.161.0/path/_constants.ts": "df1db3ffa6dd6d1252cc9617e5d72165cd2483df90e93833e13580687b6083c3",
    "https://deno.land/std@0.161.0/path/_interface.ts": "ee3b431a336b80cf445441109d089b70d87d5e248f4f90ff906820889ecf8d09",
    "https://deno.land/std@0.161.0/path/_util.ts": "d16be2a16e1204b65f9d0dfc54a9bc472cafe5f4a190b3c8471ec2016ccd1677",
    "https://deno.land/std@0.161.0/path/common.ts": "bee563630abd2d97f99d83c96c2fa0cca7cee103e8cb4e7699ec4d5db7bd2633",
    "https://deno.land/std@0.161.0/path/glob.ts": "cb5255638de1048973c3e69e420c77dc04f75755524cb3b2e160fe9277d939ee",
    "https://deno.land/std@0.161.0/path/mod.ts": "56fec03ad0ebd61b6ab39ddb9b0ddb4c4a5c9f2f4f632e09dd37ec9ebfd722ac",
    "https://deno.land/std@0.161.0/path/posix.ts": "6b63de7097e68c8663c84ccedc0fd977656eb134432d818ecd3a4e122638ac24",
    "https://deno.land/std@0.161.0/path/separator.ts": "fe1816cb765a8068afb3e8f13ad272351c85cbc739af56dacfc7d93d710fe0f9",
    "https://deno.land/std@0.161.0/path/win32.ts": "ee8826dce087d31c5c81cd414714e677eb68febc40308de87a2ce4b40e10fb8d",
    "https://deno.land/x/rutt@0.0.14/mod.ts": "5027b8e8b12acca48b396a25aee74ad7ee94a25c24cda75571d7839cbd41113c",
    "https://esm.sh/@mdx-js/mdx@2.1.5": "a871a8604ede479b4205ad6fc087bad4180efe4f331f3438d82c96839fbbe8e6",
    "https://esm.sh/react-dom@18.2.0/server": "254dadb754ed6c9e58892a8ac39b3bc049c305df75841f174f51ee9fe44f308b",
    "https://esm.sh/react@18.2.0/jsx-runtime": "8e5e22ae56773ef989a95772b9b9f6d4e5d7891f2d20875c25e51015df018f7c",
    "https://esm.sh/stable/react@18.2.0/deno/jsx-runtime.js": "6c7172dbf7b2c0b22c0a2abc82d9e28f26ecd3fc6ee9b787dadcea0172a96d31",
    "https://esm.sh/stable/react@18.2.0/deno/react.js": "806868069cfdb815e028419cf07ebc7a7bcba7f9e31dec9e3a045b9f8e82c1ed",
    "https://esm.sh/v99/@mdx-js/mdx@2.1.5/deno/mdx.js": "d46c325d7b79ff410fde6d1a5de6dd60fcdc365dfad253f83f1262e187aee03a",
    "https://esm.sh/v99/@mdx-js/mdx@2.1.5/index.d.ts": "819cc535e050c6797de10ae425e41a0eca6681a69f6a91c97273f8689f67379c",
    "https://esm.sh/v99/@mdx-js/mdx@2.1.5/lib/compile.d.ts": "74709683bf59fdaf26d190b943c2eea2b5570a417b7bb3c4f5ee1bfce622b730",
    "https://esm.sh/v99/@mdx-js/mdx@2.1.5/lib/core.d.ts": "ea6532c097d8e15907d4924d7ea90e50c97bf28a164554571666d20cc6a342b7",
    "https://esm.sh/v99/@mdx-js/mdx@2.1.5/lib/evaluate.d.ts": "770f1c76a5865789335496c89992b9b5b9823ec267013644cecf7a977a257dd4",
    "https://esm.sh/v99/@mdx-js/mdx@2.1.5/lib/node-types.d.ts": "7bc925c163a15f97148704174744d032f28ad153ff9d7485e109a22b5de643dc",
    "https://esm.sh/v99/@mdx-js/mdx@2.1.5/lib/plugin/recma-document.d.ts": "2d0b2c6ee2f1a2f3c79eb2995b525ac99c59fe97eeb2283ba4c36784a76bec55",
    "https://esm.sh/v99/@mdx-js/mdx@2.1.5/lib/plugin/recma-jsx-rewrite.d.ts": "655edda34312eee01c88245825a6068c391cbc0988e1e0427dfc79d3d9e5fbd9",
    "https://esm.sh/v99/@mdx-js/mdx@2.1.5/lib/plugin/recma-stringify.d.ts": "0a637b2a09c9a0bc261d4beb07839f6be14654edd0e060e50dae8973c7a26a1d",
    "https://esm.sh/v99/@mdx-js/mdx@2.1.5/lib/run.d.ts": "0eab39034151231cfd2103de0d58b02696716b635c61758312791f8644f210ce",
    "https://esm.sh/v99/@mdx-js/mdx@2.1.5/lib/util/resolve-evaluate-options.d.ts": "1877ae5251d10e0e95db27c4a54a43ef7aa903f3d35d444a57795ed547b5ad01",
    "https://esm.sh/v99/@types/estree-jsx@1.0.0/index.d.ts": "fcbc50a5e620a4e849d8059d4b8b80b25db75f622fec1d948ad923887093757c",
    "https://esm.sh/v99/@types/estree@1.0.0/index.d.ts": "946bd1737d9412395a8f24414c70f18660b84a75a12b0b448e6eb1a2161d06dd",
    "https://esm.sh/v99/@types/hast@2.3.4/index.d.ts": "e1e7b5b0075d8ffaac87d1fcf667cd74e816a5165eaac19b9f56bfd1b8514321",
    "https://esm.sh/v99/@types/mdast@3.0.10/index.d.ts": "98f0ab0b494118657b3a953d2e4d9db18f9430d78d10997cf4f4442fd43ee532",
    "https://esm.sh/v99/@types/mdx@2.0.3/types.d.ts": "a1735a99b5b4aa7651a2d6dec019237d65bb5ac543c2e5e0f280ab1315c52584",
    "https://esm.sh/v99/@types/prop-types@15.7.5/index.d.ts": "6a386ff939f180ae8ef064699d8b7b6e62bc2731a62d7fbf5e02589383838dea",
    "https://esm.sh/v99/@types/react-dom@18.0.9/server~.d.ts": "54e0e45acce638a46c2dc13a5e9800c3fc094ec58baef3aeaedbd0c674a55249",
    "https://esm.sh/v99/@types/react@18.0.25/global.d.ts": "bbdf156fea2fabed31a569445835aeedcc33643d404fcbaa54541f06c109df3f",
    "https://esm.sh/v99/@types/react@18.0.25/index.d.ts": "12154bc47748a901d10aa84dc39d0ec3a5f2d50624a7f018b473ef5af23063b4",
    "https://esm.sh/v99/@types/react@18.0.25/jsx-runtime~.d.ts": "7efb28f322f647d652575b99e1d9cda1af17e93bdf6f649cc5d0a8527fc75324",
    "https://esm.sh/v99/@types/scheduler@0.16.2/tracing.d.ts": "f5a8b384f182b3851cec3596ccc96cb7464f8d3469f48c74bf2befb782a19de5",
    "https://esm.sh/v99/@types/unist@2.0.6/index.d.ts": "cddf5c26907c0b8378bc05543161c11637b830da9fadf59e02a11e675d11e180",
    "https://esm.sh/v99/acorn-jsx@5.3.2/deno/acorn-jsx.js": "faea0ca68a369e96b4ce19fc177b2182a68babf3ac7d3277e5999329bbe324e3",
    "https://esm.sh/v99/acorn@8.8.1/deno/acorn.js": "de2792e51f1c4e828be41a557e96ee67b850395fd9a3ad370df7a83a6cbabb1b",
    "https://esm.sh/v99/astring@1.8.3/deno/astring.js": "fd1ae0aa348b4ab3a4f0c35b18abd697790c157038a23961671b7e1af2e0512a",
    "https://esm.sh/v99/bail@2.0.2/deno/bail.js": "b3ca9b5bd06df9985e9df2ab56d0afe3364cee30f37cdaecb405c10de2337f5e",
    "https://esm.sh/v99/ccount@2.0.1/deno/ccount.js": "6bf07045e8daa1b9a2bba73d70c29361aac38c0a59095b57f1f1ceed9a7981f0",
    "https://esm.sh/v99/character-entities-html4@2.1.0/deno/character-entities-html4.js": "5e04e53a3610bfb51532f6eda18b7025e079a0d209b96d171a04fe538f171d3a",
    "https://esm.sh/v99/character-entities-legacy@3.0.0/deno/character-entities-legacy.js": "9c909f90e8778cbf92c7f3c1709691d407be75ebcfe3a6599faa598e60ef14cd",
    "https://esm.sh/v99/character-entities@2.0.2/deno/character-entities.js": "8232bf4b6fa89842eeb1293a35c247a3579d199b972fc337b39d90905605eed9",
    "https://esm.sh/v99/character-reference-invalid@2.0.1/deno/character-reference-invalid.js": "47393a650ad7f0bf411a413f1d3e4e84c6c3f6e7b8a91c5b2be041a2cfd2ef51",
    "https://esm.sh/v99/comma-separated-tokens@2.0.3/deno/comma-separated-tokens.js": "0a876bf6a6dd11588e10e814b8c27fa756d978277000d4a2baeb339a1d6fe714",
    "https://esm.sh/v99/csstype@3.1.1/index.d.ts": "1c29793071152b207c01ea1954e343be9a44d85234447b2b236acae9e709a383",
    "https://esm.sh/v99/decode-named-character-reference@1.0.2/deno/decode-named-character-reference.js": "3f3867fb766b616be2b721dccaf5728f30263f7c729126b083efc72d27bc0d30",
    "https://esm.sh/v99/estree-util-attach-comments@2.1.0/deno/estree-util-attach-comments.js": "bd273f445f746ef1c09c31d1b4b7b4794c4cb054fb84684fc9c94707cd9ec08c",
    "https://esm.sh/v99/estree-util-build-jsx@2.2.0/deno/estree-util-build-jsx.js": "de8cbdcecba10723cc97ffd63e2f8fd309d248f562ee96ea657e19f5182c364b",
    "https://esm.sh/v99/estree-util-is-identifier-name@2.0.1/deno/estree-util-is-identifier-name.js": "1bb696ce98b3e1e7017ad9d8482451580921ea84c4d743ca3b3f3b81dda223fa",
    "https://esm.sh/v99/estree-util-to-js@1.1.0/deno/estree-util-to-js.js": "29d49ce1777696a612f05069908986dcf8c044e397559f78e27abbd26bd3776a",
    "https://esm.sh/v99/estree-util-visit@1.2.0/deno/estree-util-visit.js": "757f83f8a90cecf12522659a7b4fabfe8274423b7c34c6eaffc2c15de9f92a54",
    "https://esm.sh/v99/estree-walker@3.0.1/deno/estree-walker.js": "81cbe5f1f4714aaded604074f4d88a08442f6399356435d3689c265dcea42922",
    "https://esm.sh/v99/estree-walker@3.0.1/types/index.d.ts": "a177f752bb5a536478fb6c899b30a09c234fbd8d4a380cbbfc8bd970c2579e80",
    "https://esm.sh/v99/extend@3.0.2/deno/extend.js": "a316a24756d804431fc0c01d03f31d5658e477559a809a011e8aac525d8ed16d",
    "https://esm.sh/v99/hast-util-to-estree@2.1.0/deno/hast-util-to-estree.js": "2458b207529e2c31e775aa2948dadce154434dd80ae4f31c3e6a608910d67718",
    "https://esm.sh/v99/hast-util-whitespace@2.0.0/deno/hast-util-whitespace.js": "13b080ffe358dd26929c4c80f69b7d28093f9edaaab1c94d346dd3377d7ffcd8",
    "https://esm.sh/v99/inline-style-parser@0.1.1/deno/inline-style-parser.js": "22e4df0054fa79f62378347045f1979d86523c7d1afef0779e6b80e4593550ec",
    "https://esm.sh/v99/is-alphabetical@2.0.1/deno/is-alphabetical.js": "cfc46e2a955f1fa5ffac4414179fd7fb41fcb9ed19cf2660854c4f2555f127c0",
    "https://esm.sh/v99/is-alphanumerical@2.0.1/deno/is-alphanumerical.js": "adf90be9309b520e8fe77622d24dbe4513a4b908ccfbdcf5b7e4654944167bba",
    "https://esm.sh/v99/is-buffer@2.0.5/deno/is-buffer.js": "2c888ce1735c6fe8306052d99fc1b4f7f53cd58de3ce7f8bb4861ffe6964bf6c",
    "https://esm.sh/v99/is-decimal@2.0.1/deno/is-decimal.js": "c1ee50b693a9ce7d83de9318ae18c2ca658dc8e0c9b0f11077954b35f2e15051",
    "https://esm.sh/v99/is-hexadecimal@2.0.1/deno/is-hexadecimal.js": "edf6191723690ded9dad808175958940cbc3912bf4f4a47394326dfb48a43569",
    "https://esm.sh/v99/is-plain-obj@4.1.0/deno/is-plain-obj.js": "58064b5b3fefbfc9d28000056b88e2d57d45c3b4d7bd574b74144db35603d8b7",
    "https://esm.sh/v99/is-reference@3.0.0/deno/is-reference.js": "412808bab170e63207627067fe5125039c80fbea2cab83d4dfe36c34b8fbb018",
    "https://esm.sh/v99/markdown-extensions@1.1.1/deno/markdown-extensions.js": "85ad67a28ed0cb6e44f221f0ab970273aaea4e63a2938c4d7ac366d19d0d4cd9",
    "https://esm.sh/v99/mdast-util-definitions@5.1.1/deno/mdast-util-definitions.js": "c5d68eafc811d102f81a050f9fe8b2e936f44a13c12338b27d30d1cf1e59ba65",
    "https://esm.sh/v99/mdast-util-from-markdown@1.2.0/deno/mdast-util-from-markdown.js": "28507d62a4670c7971caed17a30c76087ed2e7cb5a27e30df394ca70e4d6dc69",
    "https://esm.sh/v99/mdast-util-mdx-expression@1.3.1/deno/mdast-util-mdx-expression.js": "9c7616b1eead08b57a73fd6d1a839ddd75a8ee1b420ac04c90fa8aaf47b26fc6",
    "https://esm.sh/v99/mdast-util-mdx-jsx@2.1.0/deno/mdast-util-mdx-jsx.js": "d65adeb84375a5b19883a9081e2c04d6b02a0db344f991e26c809752dec88d0d",
    "https://esm.sh/v99/mdast-util-mdx@2.0.0/deno/mdast-util-mdx.js": "ce53088c759cadc544e359c6fd6a33d6336af9f3c6497dde7b60ebe1a2552f61",
    "https://esm.sh/v99/mdast-util-mdxjs-esm@1.3.0/deno/mdast-util-mdxjs-esm.js": "edf5453bce7dda222595a7b64ad52da1ee38a98a7384868f681db36fcb8fdfaa",
    "https://esm.sh/v99/mdast-util-to-hast@12.2.4/complex-types.d.ts": "66e465eb0d13e4c491e56894fda097d4aa62f80c6609ef5293c15eb5dd1c7f64",
    "https://esm.sh/v99/mdast-util-to-hast@12.2.4/deno/mdast-util-to-hast.js": "7b302fbd863800e708579d9acc5c6d796353b0f93ab0ac678d6a2ba45291f932",
    "https://esm.sh/v99/mdast-util-to-hast@12.2.4/index.d.ts": "2eebca76dd911a3be170428e0a692788b036fb4f0013f5f18bb1af6360d5c00a",
    "https://esm.sh/v99/mdast-util-to-hast@12.2.4/lib/handlers/blockquote.d.ts": "7a0445e5c75528912734fba77ea51df90d84347b3d802bdb123aad5f60a46c77",
    "https://esm.sh/v99/mdast-util-to-hast@12.2.4/lib/handlers/break.d.ts": "db9e87111fa2973bae25bb53c2a54dcf5b44d68264ec1a11638e0b1d2d9c20b7",
    "https://esm.sh/v99/mdast-util-to-hast@12.2.4/lib/handlers/code.d.ts": "ad0378fb7e7365c1e9b9fe0fe8470518d908ba5f8ab1b3825d09c9e428acebbc",
    "https://esm.sh/v99/mdast-util-to-hast@12.2.4/lib/handlers/delete.d.ts": "73b1ba77ef22f2b4b7aaedf7006991e5b7f248bb0c46a3ddae94edd7d685cc3a",
    "https://esm.sh/v99/mdast-util-to-hast@12.2.4/lib/handlers/emphasis.d.ts": "ecc445d7c3b15b0d539c8797b1a7982310e34845019aac1b147789bb0ae14e12",
    "https://esm.sh/v99/mdast-util-to-hast@12.2.4/lib/handlers/footnote-reference.d.ts": "7c1018a4a1387f80c96af670d8bb2d11c2ff0311f2be0a9d7a14ef2d071f8705",
    "https://esm.sh/v99/mdast-util-to-hast@12.2.4/lib/handlers/footnote.d.ts": "55f0132a84b1305b3fdf0db65fb13a4971d2125cffb215c66963298d189d9151",
    "https://esm.sh/v99/mdast-util-to-hast@12.2.4/lib/handlers/heading.d.ts": "cb95622fdb1210b7020cbd65c25c55fe17ab227317f42cbc25b00594d4e48ed8",
    "https://esm.sh/v99/mdast-util-to-hast@12.2.4/lib/handlers/html.d.ts": "a5ca9d16e8a8752c9fb493b17a1ff4d896585b77d0952726d208490379d675a4",
    "https://esm.sh/v99/mdast-util-to-hast@12.2.4/lib/handlers/image-reference.d.ts": "4703f519f5219236969e8ca86e6434926669bb6a57c7b0c706f0201453985f74",
    "https://esm.sh/v99/mdast-util-to-hast@12.2.4/lib/handlers/image.d.ts": "ee1b7be8cd2ba8612831e35b3412c1568107568e65560ef7bee576895f6d5cd3",
    "https://esm.sh/v99/mdast-util-to-hast@12.2.4/lib/handlers/index.d.ts": "d9f0bfdbcbf97939ba740cba76a22933dd546e98125daa796d34693918e8ec46",
    "https://esm.sh/v99/mdast-util-to-hast@12.2.4/lib/handlers/inline-code.d.ts": "91a621f349752ad1d1c974f60cc78b9ce3e7e4f34a21f02e07de0773d6559371",
    "https://esm.sh/v99/mdast-util-to-hast@12.2.4/lib/handlers/link-reference.d.ts": "805fbbd85f05b31fecdd2976fa6b0ce2f636083df28ecbfbb8639e9c7accbb5c",
    "https://esm.sh/v99/mdast-util-to-hast@12.2.4/lib/handlers/link.d.ts": "1c36de0cdcdaf5f5f2c8fb7988fe3ec72a3c6ef74e991f458628763198f90ece",
    "https://esm.sh/v99/mdast-util-to-hast@12.2.4/lib/handlers/list-item.d.ts": "801131d54070aa23076d6fe33887609ce255d5de7f5e81b8d4d3e6fac1c785bc",
    "https://esm.sh/v99/mdast-util-to-hast@12.2.4/lib/handlers/list.d.ts": "25bbc20673ee2a3baa268ece182244650af161b86ba557bad4ba81ab1f21d539",
    "https://esm.sh/v99/mdast-util-to-hast@12.2.4/lib/handlers/paragraph.d.ts": "64a9dd467b6e199698f871d1d1990559af5a1a1596bf7510721262bcf4d7228b",
    "https://esm.sh/v99/mdast-util-to-hast@12.2.4/lib/handlers/root.d.ts": "4c43c68f2711a4b4fa9ba393f15e8c918a031e1b026d49b334c10067ca6e8950",
    "https://esm.sh/v99/mdast-util-to-hast@12.2.4/lib/handlers/strong.d.ts": "458ae9af20d42e3e69e806129c7d9288dfe5ebcbcc1b45a559e1041b46c70d8c",
    "https://esm.sh/v99/mdast-util-to-hast@12.2.4/lib/handlers/table.d.ts": "1bf08d6f1f7515ab09983871b87dbe9ec62db6179ec37c0b4ba5601ff8594047",
    "https://esm.sh/v99/mdast-util-to-hast@12.2.4/lib/handlers/text.d.ts": "02099e07003234d253ea5e5cfd11295d73766d3f8ad2852080839ad18acc1698",
    "https://esm.sh/v99/mdast-util-to-hast@12.2.4/lib/handlers/thematic-break.d.ts": "d3996f291b616b3ee592503b8c8d8b47e1d4693a50370328cd5088e5f8d71d04",
    "https://esm.sh/v99/mdast-util-to-hast@12.2.4/lib/index.d.ts": "186e0cffef61fe5caadf3a25f001eea919582bf80b7d48aec039f70a446b18ef",
    "https://esm.sh/v99/mdast-util-to-hast@12.2.4/lib/traverse.d.ts": "468a64c1e70eae746b119ecbdd3cc01c8b3f78078c078a49fd9fc605274b5599",
    "https://esm.sh/v99/mdast-util-to-markdown@1.3.0/deno/lib/util/container-flow.js": "9c74b3fa7c80e801f725a50947684c7ba27551c92d609f5456cc2a2e9d500d21",
    "https://esm.sh/v99/mdast-util-to-markdown@1.3.0/deno/lib/util/container-phrasing.js": "7da5b2b5e8d65b79e5f5aa05218ad7de75540c7bcc7a299f36cb4c25721cec70",
    "https://esm.sh/v99/mdast-util-to-markdown@1.3.0/deno/lib/util/indent-lines.js": "5ddc201dd32705945bc190f81c54219daf33e504cb5f81fb025923530ecb5334",
    "https://esm.sh/v99/mdast-util-to-markdown@1.3.0/deno/lib/util/track.js": "022319292a61be3ae0cdf0042c6adce4b794df2c1fc205ea47c649a2927efe7e",
    "https://esm.sh/v99/mdast-util-to-string@3.1.0/deno/mdast-util-to-string.js": "def8ac83e95d65c20472dcbd9ae84907fafc2bda764657a187129da546ea290c",
    "https://esm.sh/v99/micromark-core-commonmark@1.0.6/deno/micromark-core-commonmark.js": "3a56298ce8a2e6ebab89516e5de6b4bed93f589bfdeae64c4d8ee49ad5ea2985",
    "https://esm.sh/v99/micromark-extension-mdx-expression@1.0.3/deno/micromark-extension-mdx-expression.js": "fb8852fa67ad789f962d177e776faf4ecc4046fc7b945c480a93cf0daf27ecb1",
    "https://esm.sh/v99/micromark-extension-mdx-jsx@1.0.3/deno/micromark-extension-mdx-jsx.js": "d4db0995aa93ecff034bd51a44753f96c13ee167e8636c307c704e6a1b83c8d5",
    "https://esm.sh/v99/micromark-extension-mdx-md@1.0.0/deno/micromark-extension-mdx-md.js": "e2f847f8088526773b469f5f0d693d659d7ddc68c9c0d1e6ac100b7114c93912",
    "https://esm.sh/v99/micromark-extension-mdxjs-esm@1.0.3/deno/micromark-extension-mdxjs-esm.js": "a3cdc1f3eaa87ce74be49a44d301acb1a7843bc0c9c494a3d4e245b3f31cf335",
    "https://esm.sh/v99/micromark-extension-mdxjs@1.0.0/deno/micromark-extension-mdxjs.js": "7988f1bb831a7aa33a43d6bd4b9e8c49acfd4a34baeb69ff79669f7c360320bf",
    "https://esm.sh/v99/micromark-factory-destination@1.0.0/deno/micromark-factory-destination.js": "a4a1fabc2f3cd56cd2a940d8b0ac3e52cbc8a9215bcfb5c53f82c89921e6ea37",
    "https://esm.sh/v99/micromark-factory-label@1.0.2/deno/micromark-factory-label.js": "0241a456fd15cfd1acd01b0f2a0c0abcff22e3cb8cad7c92273509192e6d9f02",
    "https://esm.sh/v99/micromark-factory-mdx-expression@1.0.6/deno/micromark-factory-mdx-expression.js": "906a2445d413dbf4361fcb66454cd06420b7e4a6d19b56e7a57ae2b78479466e",
    "https://esm.sh/v99/micromark-factory-space@1.0.0/deno/micromark-factory-space.js": "b24f5e127d76b69fc745ef5da72e55e90951e3b42f3dadb879dcd7b6fd4d6383",
    "https://esm.sh/v99/micromark-factory-title@1.0.2/deno/micromark-factory-title.js": "6329001a6a95c26627e17a79690305b982a8ca7d6c02a92feba718136d47538c",
    "https://esm.sh/v99/micromark-factory-whitespace@1.0.0/deno/micromark-factory-whitespace.js": "c46710088302a9f6e08ba824b6bd2b278a9f198764e629b42279e4921a22db6f",
    "https://esm.sh/v99/micromark-util-character@1.1.0/deno/micromark-util-character.js": "8440332592030f7a4b7e826bf91bab41a9b54ccb8f1ce6dbd23ca11d72230945",
    "https://esm.sh/v99/micromark-util-chunked@1.0.0/deno/micromark-util-chunked.js": "df0ed6b7b0559fde92c00504aff8b9a05c4f07344ba3365e1d0e35b734d64d5a",
    "https://esm.sh/v99/micromark-util-classify-character@1.0.0/deno/micromark-util-classify-character.js": "ee6c9a82282ff0643f6f940530dc6a56da24d350a7ba82ccdd19052e4a59a218",
    "https://esm.sh/v99/micromark-util-combine-extensions@1.0.0/deno/micromark-util-combine-extensions.js": "60571c79ae67daa6c51720288fa907db72a75a110be3b2dd44492a01d28def8e",
    "https://esm.sh/v99/micromark-util-decode-numeric-character-reference@1.0.0/deno/micromark-util-decode-numeric-character-reference.js": "8a3b23cc0a9c33c0c63b09d07e9c7957f16663cb03f4a5fb42b61263825aafd8",
    "https://esm.sh/v99/micromark-util-decode-string@1.0.2/deno/micromark-util-decode-string.js": "ec8655cafb17e5b57ab4142be25069ea5cde8a02094e2cabf781b3419ab7a688",
    "https://esm.sh/v99/micromark-util-encode@1.0.1/deno/micromark-util-encode.js": "3cbfdec3cdf813b7fed185de6edc43841380583949ce0c301615f0c50c43e9e9",
    "https://esm.sh/v99/micromark-util-events-to-acorn@1.2.0/deno/micromark-util-events-to-acorn.js": "5f9cf7644d287b173bee38c6e2820264437b0c655a8ceaa2ee6561e82da7c2f7",
    "https://esm.sh/v99/micromark-util-html-tag-name@1.1.0/deno/micromark-util-html-tag-name.js": "2a34a3b2bceb845508f2d87eea03d2d31d421fb10b0a6e1bcc8aaf749857fc88",
    "https://esm.sh/v99/micromark-util-normalize-identifier@1.0.0/deno/micromark-util-normalize-identifier.js": "abf033051b12b2fe62edb61c1a1f895d79190501be20d390e0d146cbc0d6f1c7",
    "https://esm.sh/v99/micromark-util-resolve-all@1.0.0/deno/micromark-util-resolve-all.js": "57688a5cd4c92a147f4cb4f059f0536141fd770b03c675600586011d011049cb",
    "https://esm.sh/v99/micromark-util-sanitize-uri@1.1.0/deno/micromark-util-sanitize-uri.js": "c972ea554167898346d84e55aa34621b5cf28bec7d8f339765d6b226c1d331fc",
    "https://esm.sh/v99/micromark-util-subtokenize@1.0.2/deno/micromark-util-subtokenize.js": "3780f4ac4df4dbfd67047f15f5b1e26f97899e213b085ea5804ff90e83afc39d",
    "https://esm.sh/v99/micromark@3.1.0/deno/lib/parse.js": "6c06ec41e703269a50fdffa53692694c0b9b766c09108ec0ac5c8f915f0e9cbe",
    "https://esm.sh/v99/micromark@3.1.0/deno/lib/postprocess.js": "e95a828022ff698d48879989861dcdd5ae4ee1b43e6ff4c6fa1ef791bcb7641e",
    "https://esm.sh/v99/micromark@3.1.0/deno/lib/preprocess.js": "909dc5f469605809ba3507b2fceb38d8028f682f5cea4825495f0735a48f898f",
    "https://esm.sh/v99/parse-entities@4.0.0/deno/parse-entities.js": "c500f63a003b1aa04a6114aa5c61195e8bf24d3ddd6200964ab584e08a251bc0",
    "https://esm.sh/v99/periscopic@3.0.4/deno/periscopic.js": "30f9e3e557e5de1ae5a94d287209b1b662ce2bf0e36a9b31b845038debbcae6a",
    "https://esm.sh/v99/periscopic@3.0.4/types/index.d.ts": "f1bef0c84c154135e7aa1d5ce93879a437fa89b7c38ce995df87a00d3dd8cc79",
    "https://esm.sh/v99/property-information@6.1.1/deno/property-information.js": "f52a68f89df5a72bd6ce17d0ea026ec6e767f0112a095e008516d1bd51704d9d",
    "https://esm.sh/v99/react-dom@18.2.0/deno/server.js": "bf1ce0fcb084be382713a3bbf9df8d6564cddad331ef30e9307f1c8eaa1e513d",
    "https://esm.sh/v99/remark-mdx@2.1.5/deno/remark-mdx.js": "45ed7fb661965a557ae41a5f8358a55c9bfb99933dc228075b49d86f10adf8a6",
    "https://esm.sh/v99/remark-parse@10.0.1/deno/remark-parse.js": "246a7cb2ea464a1e7bf2d74ab4f9035d1bd488bb3b3942b31306e8ca6e166896",
    "https://esm.sh/v99/remark-rehype@10.1.0/deno/remark-rehype.js": "82b7d3ae63f0123f52f8cc40b7b4625b56913d5a4d074e21e6de115497ff2de4",
    "https://esm.sh/v99/remark-rehype@10.1.0/index.d.ts": "2919cb2843beb4aa0fc95881fc7434babf793db6b7bd001b7519de57f48216a4",
    "https://esm.sh/v99/remark-rehype@10.1.0/lib/index.d.ts": "9e8094e6961100f021301655dc9b9e07d9fa9cea29e799071e162b9940fbb2a9",
    "https://esm.sh/v99/source-map@0.7.4/source-map.d.ts": "b90c59ac4682368a01c83881b814738eb151de8a58f52eb7edadea2bcffb11b9",
    "https://esm.sh/v99/space-separated-tokens@2.0.2/deno/space-separated-tokens.js": "89399dc4764a505aec3f6966552b99ffd1a27f1cb2a62a67c49f1331b67b3152",
    "https://esm.sh/v99/stringify-entities@4.0.3/deno/stringify-entities.js": "7923756344fcaa5be337ef5f6042b4d882cd60b064d49b6a2b541ae63fe97484",
    "https://esm.sh/v99/style-to-object@0.3.0/deno/style-to-object.js": "34c2da8cde1780bb5c75dfcee48d9f08c3c358eda43ca3af05baa4cb6196d6ff",
    "https://esm.sh/v99/trim-lines@3.0.1/deno/trim-lines.js": "b3b3e798bde377aba92e16df93ab338e80a72c34f7d07de2d017f19302a862b0",
    "https://esm.sh/v99/trough@2.1.0/deno/trough.js": "1c4ee11198b1f3b897ccec55456112b327bbf740bffdce6d378f808af907704c",
    "https://esm.sh/v99/unified@10.1.2/deno/unified.js": "5fdd0112c7daaa1b91b90f08184b0f726ba7568421d1f289c068b23cc4e1a163",
    "https://esm.sh/v99/unified@10.1.2/index.d.ts": "0fb121305e227ed812abac7024ab3f5728e31f5b70c6baac65339d1415ded727",
    "https://esm.sh/v99/unist-builder@3.0.0/deno/unist-builder.js": "8d0e378d9250acbd4a322cb7cba67533749a8b83fe4e350e6bf278a1f2803ead",
    "https://esm.sh/v99/unist-util-generated@2.0.0/deno/unist-util-generated.js": "7c223e71711f08178fd194277d96c161f92841383ac0b60188569c7b2655d444",
    "https://esm.sh/v99/unist-util-is@5.1.1/deno/unist-util-is.js": "5fc075d17285b85da872e95becd29defb030e940f5d52d8051f61e62181b18da",
    "https://esm.sh/v99/unist-util-position-from-estree@1.1.1/deno/unist-util-position-from-estree.js": "de5eb1a7600814a229a1a2d051e6c9a361d0689b0c9bc907fa2a7a3bcd607370",
    "https://esm.sh/v99/unist-util-position@4.0.3/deno/unist-util-position.js": "f7325d42d997122533056ca11538316c0bbbd084121531350076d9977bac154c",
    "https://esm.sh/v99/unist-util-position@4.0.3/index.d.ts": "bd4b700d13268ce08a5f02ceaf80ed7325ad7b71a8a5bb0cd2ea469175819469",
    "https://esm.sh/v99/unist-util-stringify-position@3.0.2/deno/unist-util-stringify-position.js": "eb3c895febac9ad1279cdf2e3b617ddd7db488db31340e361fe787db8fff626a",
    "https://esm.sh/v99/unist-util-visit-parents@5.1.1/deno/unist-util-visit-parents.js": "ed6d7a8f06a93c478f2695487af0f158fd9b9fd2d8cf572ae4389db7d3cd799d",
    "https://esm.sh/v99/unist-util-visit@4.1.1/deno/unist-util-visit.js": "d449ee4dfc09d13d0290289069f3cd92d9e4939ff30fd821e4a5c03e85af5e12",
    "https://esm.sh/v99/vfile-location@4.0.1/deno/vfile-location.js": "52696eca676de97de51fc5828a3e4af5ef914a84d21bd274e171f75586c18c2e",
    "https://esm.sh/v99/vfile-message@3.1.3/deno/vfile-message.js": "ecc5c19462e8a29769e226311a1bb9ad3b72dc85847e34238ac1ae3e448a1a59",
    "https://esm.sh/v99/vfile-message@3.1.3/index.d.ts": "95ada3f48f05d42099741cc16749bd8787a5d99b29b07ed515ecf7fce9627acc",
    "https://esm.sh/v99/vfile@5.3.6/deno/vfile.js": "ba140806dc8afd77ba9768421bab5dca57c69756e7f916aca571ff3013b8e629",
    "https://esm.sh/v99/vfile@5.3.6/index.d.ts": "6723559bb22bf7f2eea158222d3e1f0a04e3f09d132f6d6387d8e5acf1be9ed0",
    "https://esm.sh/v99/vfile@5.3.6/lib/index.d.ts": "6290ba0b59641d1b5dbe7a607340317a120d3c600c0a1b26f7505cb893393b0c",
    "https://esm.sh/v99/vfile@5.3.6/lib/minurl.shared.d.ts": "3706ce5f7daa3461e02dd6dc33083b8e22cb9691e9348b8e481a5d049e62d897",
    "https://esm.sh/v99/zwitch@2.0.4/deno/zwitch.js": "c155a8dcd1a70f4c6083046c644d1747c3c3d1858a738fe6f359c5e8e424f82f"
  }
}
