{
  "version": "4",
  "redirects": {
    "https://esm.sh/v128/@types/react@~18.2/jsx-runtime~.d.ts": "https://esm.sh/v128/@types/react@18.2.79/jsx-runtime~.d.ts"
  },
  "remote": {
    "https://deno.land/std@0.161.0/_util/assert.ts": "e94f2eb37cebd7f199952e242c77654e43333c1ac4c5c700e929ea3aa5489f74",
    "https://deno.land/std@0.161.0/_util/os.ts": "8a33345f74990e627b9dfe2de9b040004b08ea5146c7c9e8fe9a29070d193934",
    "https://deno.land/std@0.161.0/async/abortable.ts": "87aa7230be8360c24ad437212311c9e8d4328854baec27b4c7abb26e85515c06",
    "https://deno.land/std@0.161.0/async/deadline.ts": "48ac998d7564969f3e6ec6b6f9bf0217ebd00239b1b2292feba61272d5dd58d0",
    "https://deno.land/std@0.161.0/async/debounce.ts": "dc8b92d4a4fe7eac32c924f2b8d3e62112530db70cadce27042689d82970b350",
    "https://deno.land/std@0.161.0/async/deferred.ts": "d8fb253ffde2a056e4889ef7e90f3928f28be9f9294b6505773d33f136aab4e6",
    "https://deno.land/std@0.161.0/async/delay.ts": "0419dfc993752849692d1f9647edf13407c7facc3509b099381be99ffbc9d699",
    "https://deno.land/std@0.161.0/async/mod.ts": "dd0a8ed4f3984ffabe2fcca7c9f466b7932d57b1864ffee148a5d5388316db6b",
    "https://deno.land/std@0.161.0/async/mux_async_iterator.ts": "3447b28a2a582224a3d4d3596bccbba6e85040da3b97ed64012f7decce98d093",
    "https://deno.land/std@0.161.0/async/pool.ts": "ef9eb97b388543acbf0ac32647121e4dbe629236899586c4d4311a8770fbb239",
    "https://deno.land/std@0.161.0/async/tee.ts": "9af3a3e7612af75861308b52249e167f5ebc3dcfc8a1a4d45462d96606ee2b70",
    "https://deno.land/std@0.161.0/http/server.ts": "e99c1bee8a3f6571ee4cdeb2966efad465b8f6fe62bec1bdb59c1f007cc4d155",
    "https://deno.land/std@0.161.0/media_types/_util.ts": "ce9b4fc4ba1c447dafab619055e20fd88236ca6bdd7834a21f98bd193c3fbfa1",
    "https://deno.land/std@0.161.0/media_types/mod.ts": "74885352135624774b8cd164f3a9d866aac1e0dc3ccb5412e2a2d56ed4b1fc99",
    "https://deno.land/std@0.161.0/media_types/vendor/mime-db.v1.52.0.ts": "724cee25fa40f1a52d3937d6b4fbbfdd7791ff55e1b7ac08d9319d5632c7f5af",
    "https://deno.land/std@0.161.0/path/_constants.ts": "df1db3ffa6dd6d1252cc9617e5d72165cd2483df90e93833e13580687b6083c3",
    "https://deno.land/std@0.161.0/path/_interface.ts": "ee3b431a336b80cf445441109d089b70d87d5e248f4f90ff906820889ecf8d09",
    "https://deno.land/std@0.161.0/path/_util.ts": "d16be2a16e1204b65f9d0dfc54a9bc472cafe5f4a190b3c8471ec2016ccd1677",
    "https://deno.land/std@0.161.0/path/common.ts": "bee563630abd2d97f99d83c96c2fa0cca7cee103e8cb4e7699ec4d5db7bd2633",
    "https://deno.land/std@0.161.0/path/glob.ts": "cb5255638de1048973c3e69e420c77dc04f75755524cb3b2e160fe9277d939ee",
    "https://deno.land/std@0.161.0/path/mod.ts": "56fec03ad0ebd61b6ab39ddb9b0ddb4c4a5c9f2f4f632e09dd37ec9ebfd722ac",
    "https://deno.land/std@0.161.0/path/posix.ts": "6b63de7097e68c8663c84ccedc0fd977656eb134432d818ecd3a4e122638ac24",
    "https://deno.land/std@0.161.0/path/separator.ts": "fe1816cb765a8068afb3e8f13ad272351c85cbc739af56dacfc7d93d710fe0f9",
    "https://deno.land/std@0.161.0/path/win32.ts": "ee8826dce087d31c5c81cd414714e677eb68febc40308de87a2ce4b40e10fb8d",
    "https://deno.land/x/rutt@0.0.14/mod.ts": "5027b8e8b12acca48b396a25aee74ad7ee94a25c24cda75571d7839cbd41113c",
    "https://esm.sh/@mdx-js/mdx@2.1.5": "3546a1b82c3cc828fd3f10bc51bb61edf072eda43843681047ca8a16e601a29b",
    "https://esm.sh/react-dom@18.2.0/server": "4e27b938451e1f25855754fe5149dd13f554ca75f3c5b387eb453144539c3dc7",
    "https://esm.sh/react@18.2.0/jsx-runtime": "aa011b336e339e6eaacc89787e7e3d6eb726b3701d9f8ac7fcd01db1595357cb",
    "https://esm.sh/rehype-prism-plus@1.5.0": "6f7be67bcf0013ea7229b585bee3385a2a325bb7830152492ec4965e11b6188c",
    "https://esm.sh/remark-reading-time@2.0.1": "e0940528b286193fefca7cb574c840933015768e70aca3b0afafeed09882f85e",
    "https://esm.sh/remark-reading-time@2.0.1/mdx": "4c06063820f51fb80b06d6cec3a68f82c7b6a967463ae586c6335c7be662460b",
    "https://esm.sh/stable/react@18.2.0/denonext/jsx-runtime.js": "309faa58fa4e914707daffa1a9514bef4593c952f930640cf93bb871aab7ceb6",
    "https://esm.sh/stable/react@18.2.0/denonext/react.mjs": "3c4f23bcfc53b256fcfaf6f834fa9f584c3bb7be667b2682c6cb6ba8ef88f8e6",
    "https://esm.sh/v135/@mdx-js/mdx@2.1.5/denonext/mdx.mjs": "3a4f6efc88b19f209b2b25224ee76832f701bc8c02281dedf2fc226dc541bef4",
    "https://esm.sh/v135/acorn-jsx@5.3.2/denonext/acorn-jsx.mjs": "0c42da89d21f37d8910944820b5f336a5a6ce6f50e36c6aa81f195d340ca371d",
    "https://esm.sh/v135/acorn@8.11.2/denonext/acorn.mjs": "83ac9a721f8b7340ef5cbb2034e8d6dc16293bb253fa1f3ca503b77f5810507e",
    "https://esm.sh/v135/astring@1.8.6/denonext/astring.mjs": "e851defe7aef30e249bd193857f24ff5b67cfd1f43058d685787efb1088a3c8c",
    "https://esm.sh/v135/bail@2.0.2/denonext/bail.mjs": "cab740cf24417dfad8567cbb78a49ae7e492ecca299f2b3185520805aba4d073",
    "https://esm.sh/v135/ccount@2.0.1/denonext/ccount.mjs": "7b32092651a866fcc992c028982ce5e911356da7653baa3febb1a8ccb93e30f8",
    "https://esm.sh/v135/character-entities-html4@2.1.0/denonext/character-entities-html4.mjs": "0b4e64d1b0152acbeec6d854eadce6ceb2de05b0f459ad47485afa206f745f10",
    "https://esm.sh/v135/character-entities-legacy@3.0.0/denonext/character-entities-legacy.mjs": "5da76ada1554e4956dc6b702ba92b56a3faf158b24bf45279c522e85f5d9cd21",
    "https://esm.sh/v135/character-entities@2.0.2/denonext/character-entities.mjs": "9e8657f056310ac3ca8058eaf96cef695ee13a4bf6c302674796a882464f305c",
    "https://esm.sh/v135/character-reference-invalid@2.0.1/denonext/character-reference-invalid.mjs": "41034e591247fb2bc6a12dd190e776b84cfe1da74e984fef3efbff2a97814d53",
    "https://esm.sh/v135/comma-separated-tokens@2.0.3/denonext/comma-separated-tokens.mjs": "ad5df8a36487e0a63d15bbbb6bab8b153e08583d0d5eb6d0058cd0fc619252e0",
    "https://esm.sh/v135/decode-named-character-reference@1.0.2/denonext/decode-named-character-reference.mjs": "1a5a8f9cbe302be478e964ab701be8644dbdfd4d8ce9f14de186cf84ee2a4bc1",
    "https://esm.sh/v135/estree-util-attach-comments@2.1.1/denonext/estree-util-attach-comments.mjs": "9f2cff60c9b50af23bc0eb417470a87ee0c084869f8cf52517bd8743e2c396b7",
    "https://esm.sh/v135/estree-util-build-jsx@2.2.2/denonext/estree-util-build-jsx.mjs": "40dc6a1f1ef8aa3b42b468902c243651b000c9e9dcdb48fdf3309fd5223cf5d3",
    "https://esm.sh/v135/estree-util-is-identifier-name@2.1.0/denonext/estree-util-is-identifier-name.mjs": "33d1d44d1ad058dae5d22b2219951e47c1f15ffc2014a3293cd184609d622b7c",
    "https://esm.sh/v135/estree-util-to-js@1.2.0/denonext/estree-util-to-js.mjs": "aa87c76c73adb956e24ad0dd32ead699f5f6004db0294549e2a3ad86c41d2b64",
    "https://esm.sh/v135/estree-util-value-to-estree@1.3.0/denonext/estree-util-value-to-estree.mjs": "885f7f9dee38e8ceff33e377ce51a1832fc90abea716428f08702c98a7819fa0",
    "https://esm.sh/v135/estree-util-visit@1.2.1/denonext/estree-util-visit.mjs": "c5d26fc14dd6dce9464e8e1f38ce2fc367372144d3f953d27074de9001a63abf",
    "https://esm.sh/v135/estree-walker@3.0.3/denonext/estree-walker.mjs": "099c406b0a95d6e021b603fd38955620ffe70a69189beb4509a2f06670c30c2f",
    "https://esm.sh/v135/extend@3.0.2/denonext/extend.mjs": "6ab9e4890dfa54ec88fa326fca525c211141d6da72188f54e9610d1281219c9e",
    "https://esm.sh/v135/hast-util-parse-selector@3.1.1/denonext/hast-util-parse-selector.mjs": "df576c8298a048d9aad89506f5884db91bc249bb6e221b9fd3b228eb40980a62",
    "https://esm.sh/v135/hast-util-to-estree@2.3.3/denonext/hast-util-to-estree.mjs": "3df93d5d190e8eb2df2d721d7f4fd9e9369f7f44635e0f507f8c61ef4db793a7",
    "https://esm.sh/v135/hast-util-to-string@2.0.0/denonext/hast-util-to-string.mjs": "5c8ecf2b2754f8addf28d5e207c37b17972708b0e2a63055452a8c4013911ca1",
    "https://esm.sh/v135/hast-util-whitespace@2.0.1/denonext/hast-util-whitespace.mjs": "0d45cf1a1b1d7ba26d5a3f2fda8c929b02ef701786e656ade327d8c3f7b390bb",
    "https://esm.sh/v135/hastscript@7.2.0/denonext/hastscript.mjs": "21c0292f187622f364e3b3b91db0cdea352b3e5cb61b6557583a2c74b9d8d76e",
    "https://esm.sh/v135/inline-style-parser@0.1.1/denonext/inline-style-parser.mjs": "dada755a348883a0b1b65f2222b2594be53ceb83c4270c5586298ef1a8de5a30",
    "https://esm.sh/v135/is-alphabetical@2.0.1/denonext/is-alphabetical.mjs": "d0feb3b8b248c1c89544825a12db253946e94532c3ba2df47c5ce9ed06a10242",
    "https://esm.sh/v135/is-alphanumerical@2.0.1/denonext/is-alphanumerical.mjs": "978a2d980f37c9b42b82e6dc915455d43a9ba5f7d11c6f314d5ef5694ed9427e",
    "https://esm.sh/v135/is-buffer@2.0.5/denonext/is-buffer.mjs": "87d027d2c668d773b7037bd49fc1c12ed6af26b9f176aacf338c7901237b8867",
    "https://esm.sh/v135/is-decimal@2.0.1/denonext/is-decimal.mjs": "d58375f587816fc947898747f8e6986158dec29151c185e7a510641b17668e46",
    "https://esm.sh/v135/is-hexadecimal@2.0.1/denonext/is-hexadecimal.mjs": "7e5d0abd99e5d66839f55c05df59e144465bfa47ce974815557481d53d6fd919",
    "https://esm.sh/v135/is-plain-obj@3.0.0/denonext/is-plain-obj.mjs": "62944baeebe3ba7631b33c2aa237aae89e2dca386e75d7347339e14319ac5598",
    "https://esm.sh/v135/is-plain-obj@4.1.0/denonext/is-plain-obj.mjs": "d3d86a7174ad7935de7b00f904b6424c103bce530c502efb7f42114cbb1a555f",
    "https://esm.sh/v135/is-reference@3.0.2/denonext/is-reference.mjs": "555e2e683a9fc9b9162f8fb550442d8d49c429bb3b5a7d393dd2fc4a3454a64c",
    "https://esm.sh/v135/markdown-extensions@1.1.1/denonext/markdown-extensions.mjs": "243d74e0d6bec93ad267840d6f0352e58c214e1a0dc64b645512a405b1c0f080",
    "https://esm.sh/v135/mdast-util-definitions@5.1.2/denonext/mdast-util-definitions.mjs": "d9e8e7e2ec7f2242641c39f7ecc7175022662ce01999a78a7b8ed52f95700401",
    "https://esm.sh/v135/mdast-util-from-markdown@1.3.1/denonext/mdast-util-from-markdown.mjs": "65ae3027592528ce907ef097d30b397c1df8ceac46b570877e23ccc786729365",
    "https://esm.sh/v135/mdast-util-mdx-expression@1.3.2/denonext/mdast-util-mdx-expression.mjs": "bb8dfedfbccf3b19fde48ce4f581f4ded382f11b7a25deb7819a0457e8f1441f",
    "https://esm.sh/v135/mdast-util-mdx-jsx@2.1.4/denonext/mdast-util-mdx-jsx.mjs": "58e3d7e9c47672fff811f280a10a1386d3d22d6eb50713ef4d5d4bcac04dc259",
    "https://esm.sh/v135/mdast-util-mdx@2.0.1/denonext/mdast-util-mdx.mjs": "f167eb27739a5e3a3e9f889e5c0383e9b490d458547bff1f8d5c23c0d748e8bc",
    "https://esm.sh/v135/mdast-util-mdxjs-esm@1.3.1/denonext/mdast-util-mdxjs-esm.mjs": "515122865f524770f869c12f7c6484e5dddd195dce225002933ca37a4d10e823",
    "https://esm.sh/v135/mdast-util-to-hast@12.3.0/denonext/mdast-util-to-hast.mjs": "7a5cf61be028ac3f2c4d0836bbb69ef1cf260bf7599ba09820d37c7bd8657efd",
    "https://esm.sh/v135/mdast-util-to-markdown@1.5.0/denonext/lib/util/container-phrasing.js": "d37cbf5f47656c0dca1c974e7438383f1ad0d2f376ec8351d25a89ee46ff050f",
    "https://esm.sh/v135/mdast-util-to-markdown@1.5.0/denonext/lib/util/indent-lines.js": "f0c00ce02a330300bc74968470617e408bcdf48dd85e640e79aab57ed443bf4f",
    "https://esm.sh/v135/mdast-util-to-markdown@1.5.0/denonext/lib/util/track.js": "a91cdbfc1a4aed4b623ec3a5a553745b55fa8554722304ce31a4b6b98645d33d",
    "https://esm.sh/v135/mdast-util-to-string@3.2.0/denonext/mdast-util-to-string.mjs": "64fef8fd2a9fdb8abcff4ff6c086c273123c0833c13e465d6c9f82332d1e239c",
    "https://esm.sh/v135/micromark-core-commonmark@1.1.0/denonext/micromark-core-commonmark.mjs": "8ea80a972a2cfd19222b79d35cab88e3a79d4835fd5fe0e05ad000c13994365e",
    "https://esm.sh/v135/micromark-extension-mdx-expression@1.0.8/denonext/micromark-extension-mdx-expression.mjs": "16c7e3f5c09fb2e095b50324337ab9dc7b2278ab509c65a7319b82fd35b87a3f",
    "https://esm.sh/v135/micromark-extension-mdx-jsx@1.0.5/denonext/micromark-extension-mdx-jsx.mjs": "155cb8a53b3073684ab7b4b0b2adef4ef2f309271f84332d06fcf47e3598c64c",
    "https://esm.sh/v135/micromark-extension-mdx-md@1.0.1/denonext/micromark-extension-mdx-md.mjs": "9f87bd90fe2f7c81cb15a06ce5b74d4378da3e333f2ee866fcf63914c52c2341",
    "https://esm.sh/v135/micromark-extension-mdxjs-esm@1.0.5/denonext/micromark-extension-mdxjs-esm.mjs": "a8539ca268ae4a08bb03565887524bbf9c165f54944dc31714078a7db732e8d0",
    "https://esm.sh/v135/micromark-extension-mdxjs@1.0.1/denonext/micromark-extension-mdxjs.mjs": "4cf81efd218c90ce55e0dfbf05d19a4030e1491cd9c0e7cc92dd26e395df4af0",
    "https://esm.sh/v135/micromark-factory-destination@1.1.0/denonext/micromark-factory-destination.mjs": "0f4cfe8c7ee7f08eff79ec901fb8857f48b2bf89e39b40e81addffe70cd44017",
    "https://esm.sh/v135/micromark-factory-label@1.1.0/denonext/micromark-factory-label.mjs": "e15744c4e428fba31a126cd96c044c4207d0ad98a1568d9ec28cc7e177db3ff5",
    "https://esm.sh/v135/micromark-factory-mdx-expression@1.0.9/denonext/micromark-factory-mdx-expression.mjs": "6bd9ad117d9947b5c43840f98cae594d6c919bb95074e414561309160d42861d",
    "https://esm.sh/v135/micromark-factory-space@1.1.0/denonext/micromark-factory-space.mjs": "ce486bfa164b884cfa19ff1eb405de9c8bddb7eeaf568d010750e727b4b39793",
    "https://esm.sh/v135/micromark-factory-title@1.1.0/denonext/micromark-factory-title.mjs": "005b75bb04244521012a5140453679bcaa6c75b8b2341ee3c7685ef1c9856421",
    "https://esm.sh/v135/micromark-factory-whitespace@1.1.0/denonext/micromark-factory-whitespace.mjs": "d70c19de434b2d46749c9e27326591ef7c10cfa8a33b59c74860da7754e9c225",
    "https://esm.sh/v135/micromark-util-character@1.2.0/denonext/micromark-util-character.mjs": "be2f95646c829378e2f33d0e8b03e7e057f2387cd54f9c18c3d48a87fbc909c9",
    "https://esm.sh/v135/micromark-util-chunked@1.1.0/denonext/micromark-util-chunked.mjs": "896f816c52b791283f998076bcea3ff9a4bbd2bf858d96be6079400939ae8c9d",
    "https://esm.sh/v135/micromark-util-classify-character@1.1.0/denonext/micromark-util-classify-character.mjs": "ff64bc52c4e6d1fbeeaefd9be488d34dc556041098bd6357cd228b5f9dc096b6",
    "https://esm.sh/v135/micromark-util-combine-extensions@1.1.0/denonext/micromark-util-combine-extensions.mjs": "0db50d493dbeac6b1b04671180c6b7f9dea800e07ccc80d0559afb8b70f74c3a",
    "https://esm.sh/v135/micromark-util-decode-numeric-character-reference@1.1.0/denonext/micromark-util-decode-numeric-character-reference.mjs": "d9d2a8fc3648db44a49c0284d088db354b39c5623e1497c4127ad103594a7948",
    "https://esm.sh/v135/micromark-util-decode-string@1.1.0/denonext/micromark-util-decode-string.mjs": "2bd3d285c564875e319170c5c8e0aba6d73d4e38c53d03bba2af352b032e184a",
    "https://esm.sh/v135/micromark-util-encode@1.1.0/denonext/micromark-util-encode.mjs": "e9c399d8913ebe2b736a8259fb061740fd8ad632e7f933e27fb67f442c7e48e3",
    "https://esm.sh/v135/micromark-util-events-to-acorn@1.2.3/denonext/micromark-util-events-to-acorn.mjs": "f1cb5c6b836a4cb22a9c29dfe2a8f1c3c99997f15ec652f9ce1cc31ce940aa96",
    "https://esm.sh/v135/micromark-util-html-tag-name@1.2.0/denonext/micromark-util-html-tag-name.mjs": "81ed9b1fe3f6dd5290991b4bf39d034ddfd6cdbb4f5352ab61769e4c2eb3fbd3",
    "https://esm.sh/v135/micromark-util-normalize-identifier@1.1.0/denonext/micromark-util-normalize-identifier.mjs": "27b873a22954a139d8215b722b0a867b4f1f718cd261ea3f884f997a0d3e0e08",
    "https://esm.sh/v135/micromark-util-resolve-all@1.1.0/denonext/micromark-util-resolve-all.mjs": "ee8f55a86b2bfcc1be3d15bbd8b106755a51916ae4c75c962cc044f6b2a22d46",
    "https://esm.sh/v135/micromark-util-sanitize-uri@1.2.0/denonext/micromark-util-sanitize-uri.mjs": "7ca2662f0520db2dce82e5ef3925163fa7ebee4215021a2aa63eed62e222fbc7",
    "https://esm.sh/v135/micromark-util-subtokenize@1.1.0/denonext/micromark-util-subtokenize.mjs": "9e3712a2c1b703a286509669b2a13796a48408b33793ab29b7c52131f2593523",
    "https://esm.sh/v135/micromark@3.2.0/denonext/lib/parse.js": "8d440e731fded89575d7f8e367f228ddbf104c33562cd22192c0502ee85aeb70",
    "https://esm.sh/v135/micromark@3.2.0/denonext/lib/postprocess.js": "774c1746f5cfb64842ae05fd1391de26d5e0560cec1eb91dc4bf255ef5ff21c5",
    "https://esm.sh/v135/micromark@3.2.0/denonext/lib/preprocess.js": "786db83c43e9d21f14bc37b6c05f061ca4a1db862ffed10c07ca1e6843f73fae",
    "https://esm.sh/v135/parse-entities@4.0.1/denonext/parse-entities.mjs": "d850db8f1291c1f42a880afb290f6c0774871651092c3fed6f9dedfee8f971c4",
    "https://esm.sh/v135/parse-numeric-range@1.3.0/denonext/parse-numeric-range.mjs": "3653264a361cd54f32acf63c3f21f2e171626e13534393574cfb51b7fccfa552",
    "https://esm.sh/v135/periscopic@3.1.0/denonext/periscopic.mjs": "0321ee867fcca77c3215a63116a24d551bc69174b10fbeccfae5bf85a5dc1287",
    "https://esm.sh/v135/property-information@6.4.0/denonext/property-information.mjs": "8a61ad4cc589e3a30c752bd2eea7703cf286139c919f55f4fd289b90a7ac65a9",
    "https://esm.sh/v135/react-dom@18.2.0/denonext/server.js": "ead88af18fb70a507ccab7bc02732e9d225ef224a6de05f4829605008e796750",
    "https://esm.sh/v135/reading-time@1.5.0/denonext/reading-time.mjs": "bbafac1f82dcaca62bafeda4fbf519c113aab63b2596ccfc8c0dccae5a243d6a",
    "https://esm.sh/v135/refractor@4.8.1/denonext/lib/all.js": "047b43ef41e7d61def9ad5ab1013b7741826d32192a8d2d14496639d592a50ba",
    "https://esm.sh/v135/refractor@4.8.1/denonext/lib/common.js": "57a7a9d57d578395e08a8077ee46b33e67dbd2b480d2e3ac14a637e61924ad75",
    "https://esm.sh/v135/rehype-prism-plus@1.5.0/denonext/rehype-prism-plus.mjs": "7bf6d5e0233c6f1b869f01729709ee09eb93488a6c714a899beee179c18eb375",
    "https://esm.sh/v135/remark-mdx@2.3.0/denonext/remark-mdx.mjs": "6013ba54300d7a16e6e5681a32d95f83cfa06b0feaa9c35448fc1e4a82863cf2",
    "https://esm.sh/v135/remark-parse@10.0.2/denonext/remark-parse.mjs": "04e0d076883afea6a411919ad9531eac162d2f430658480ae114f2771f60802c",
    "https://esm.sh/v135/remark-reading-time@2.0.1/denonext/mdx.js": "a982e55df7e534df13f89e47e7d2f8b53fd4a4d3593e56786a621adce9ad9129",
    "https://esm.sh/v135/remark-reading-time@2.0.1/denonext/remark-reading-time.mjs": "a5d51916547a6cc2ad134cfee05dfe94f6c552e762d8fa65401a0dd6d11ee3eb",
    "https://esm.sh/v135/remark-rehype@10.1.0/denonext/remark-rehype.mjs": "260afd46412eb81b5e07fd82ffe599d154828dfe3064f48c190f3da94453e19f",
    "https://esm.sh/v135/space-separated-tokens@2.0.2/denonext/space-separated-tokens.mjs": "f30773a9959cacfe7511c250e5d125a9f88ee00d3aef6e87b4d17fe49806b276",
    "https://esm.sh/v135/stringify-entities@4.0.3/denonext/stringify-entities.mjs": "379aaecccdf6a05e9725a5eff4de4fa61193f0a793ddacaa1033f071bd0e2842",
    "https://esm.sh/v135/style-to-object@0.4.4/denonext/style-to-object.mjs": "006876de79ecd13cf2912086580385b5a3e25a475f994259f8ccd0b79727f940",
    "https://esm.sh/v135/trim-lines@3.0.1/denonext/trim-lines.mjs": "f01a20253341eb2554f307ab05bc9cd93d6f33bcbb24fde2fc9fcd857564283e",
    "https://esm.sh/v135/trough@2.1.0/denonext/trough.mjs": "d7c1b66bf8739a28bcc6bbf17919f6b54b7b25cceabfb0e694d192232c83f1fd",
    "https://esm.sh/v135/unified@10.1.2/denonext/unified.mjs": "0b53102ba5eaa2e46987eb2e595614b51ba1ac6ded42097bce37d5f2f5c98227",
    "https://esm.sh/v135/unist-util-filter@4.0.1/denonext/unist-util-filter.mjs": "d70e106298271b483c359b095b7094c9c88170f5d55be3fdec9145d0102d80db",
    "https://esm.sh/v135/unist-util-generated@2.0.1/denonext/unist-util-generated.mjs": "ff9c54405f6aedb39847fd975a3f528129089e74dd61e9408d5b1b09d8a13dc1",
    "https://esm.sh/v135/unist-util-is@5.2.1/denonext/unist-util-is.mjs": "771abea65db57c71e2a3d98200242c362337617e63881fc9954e891dde32277c",
    "https://esm.sh/v135/unist-util-position-from-estree@1.1.2/denonext/unist-util-position-from-estree.mjs": "54ebb3d684a63220a40c5d70066850fafc5ba0c092b9e4c42fc99e4964378632",
    "https://esm.sh/v135/unist-util-position@4.0.4/denonext/unist-util-position.mjs": "be87a00f3663c09267443ef900692719014d966ef84969cb9ad7b9cfc4cd6157",
    "https://esm.sh/v135/unist-util-stringify-position@3.0.3/denonext/unist-util-stringify-position.mjs": "e3b2256d68ec8d5ceeb204afe84492e69182ad264a876309a33def43aa34111d",
    "https://esm.sh/v135/unist-util-visit-parents@4.1.1/denonext/unist-util-visit-parents.mjs": "776ee0cff99d5f0d878e382ee846e5a5012176aff124b1dcbdaefdcd10db2a24",
    "https://esm.sh/v135/unist-util-visit-parents@5.1.3/denonext/unist-util-visit-parents.mjs": "ba7da2ff52f5918f6189e059e076a0d9d5a1b1cda05483f26bafb23659d5e1f4",
    "https://esm.sh/v135/unist-util-visit@3.1.0/denonext/unist-util-visit.mjs": "97d8cacb99ad5fc7f201399e5cea2b53c93ee2ce1b3f78c74fa9afea4f7c2af0",
    "https://esm.sh/v135/unist-util-visit@4.1.2/denonext/unist-util-visit.mjs": "17fb2ed178b4f6ac073c362ca95680df240fcfb6a324ad79fab34314a3c06929",
    "https://esm.sh/v135/vfile-message@3.1.4/denonext/vfile-message.mjs": "d34b802439153a4908c47017c7a7b1e5b8c704de13825f738c4d810468fd7e4d",
    "https://esm.sh/v135/vfile@5.3.7/denonext/vfile.mjs": "fba5dc460e787ded817fb2565ac7235cfd2a164f403a4f38864f34384e0afbf1",
    "https://esm.sh/v135/zwitch@2.0.4/denonext/zwitch.mjs": "c0e8c246a1f38b425335ea78cc366a7801d3ef89701229a35f85a51310e6e49f"
  }
}
